<Solution>
  <Folder Name="/Business/" />
  <Folder Name="/Data/">
    <Project Path="Recruitment.Data/Recruitment.Data.csproj" Id="21542013-0d62-4c3d-9520-b61b89ece8c6" />
  </Folder>
  <Folder Name="/Entities/">
    <Project Path="Recruitment.Entities/Recruitment.Entities.csproj" Id="22ddcb26-abd6-457c-bf5c-a021a9b3d1ab" />
  </Folder>
  <Folder Name="/Frontend/">
    <Project Path="Recruitement.Ui.Blazor/Recruitement.Ui.Blazor.csproj" />
  </Folder>
</Solution>
